
Microsoft Visual Studio Solution File, Format Version 12.00
# Visual Studio Version 17
VisualStudioVersion = 17.0.32112.339
MinimumVisualStudioVersion = 10.0.40219.1
Project("{FAE04EC0-301F-11D3-BF4B-00C04F79EFBC}") = "ConsoleApp16", "ConsoleApp16\ConsoleApp16.csproj", "{D6E06B6A-4098-4C45-B3A1-BEECC9E74EFD}"
EndProject
Project("{FAE04EC0-301F-11D3-BF4B-00C04F79EFBC}") = "TestProject1", "TestProject1\TestProject1.csproj", "{A2A54B8B-7AF9-4317-8F85-8C6A8FEAC92D}"
EndProject
Global
	GlobalSection(SolutionConfigurationPlatforms) = preSolution
		Debug|Any CPU = Debug|Any CPU
		Release|Any CPU = Release|Any CPU
	EndGlobalSection
	GlobalSection(ProjectConfigurationPlatforms) = postSolution
		{D6E06B6A-4098-4C45-B3A1-BEECC9E74EFD}.Debug|Any CPU.ActiveCfg = Debug|Any CPU
		{D6E06B6A-4098-4C45-B3A1-BEECC9E74EFD}.Debug|Any CPU.Build.0 = Debug|Any CPU
		{D6E06B6A-4098-4C45-B3A1-BEECC9E74EFD}.Release|Any CPU.ActiveCfg = Release|Any CPU
		{D6E06B6A-4098-4C45-B3A1-BEECC9E74EFD}.Release|Any CPU.Build.0 = Release|Any CPU
		{A2A54B8B-7AF9-4317-8F85-8C6A8FEAC92D}.Debug|Any CPU.ActiveCfg = Debug|Any CPU
		{A2A54B8B-7AF9-4317-8F85-8C6A8FEAC92D}.Debug|Any CPU.Build.0 = Debug|Any CPU
		{A2A54B8B-7AF9-4317-8F85-8C6A8FEAC92D}.Release|Any CPU.ActiveCfg = Release|Any CPU
		{A2A54B8B-7AF9-4317-8F85-8C6A8FEAC92D}.Release|Any CPU.Build.0 = Release|Any CPU
	EndGlobalSection
	GlobalSection(SolutionProperties) = preSolution
		HideSolutionNode = FALSE
	EndGlobalSection
	GlobalSection(ExtensibilityGlobals) = postSolution
		SolutionGuid = {9C428266-FCF8-4D63-A839-55990EEA4F4E}
	EndGlobalSection
EndGlobal
